schema: '2.0'
stages:
  data_ingestion:
    cmd: python src/data/data_ingestion.py
    deps:
    - path: ai4i2020.csv
      hash: md5
      md5: f0adaa9c5e25366c6df1cc2684479871
      size: 522048
    - path: params.yaml
      hash: md5
      md5: 9b09fa9c20380f78a4430be4b349c4e7
      size: 37
    - path: src/data/data_ingestion.py
      hash: md5
      md5: a41031087031ce5f4b899bb4a61e872c
      size: 1439
    outs:
    - path: data/processed
      hash: md5
      md5: 468e1607a6a97ed7e44bfb5bcc095e76.dir
      size: 523915
      nfiles: 1
  data_preprocessing:
    cmd: python src/data/data_preprocessing.py
    deps:
    - path: data/processed/cleaned_data.csv
      hash: md5
      md5: e0ba81126888557c6d39b81edd0823ad
      size: 523915
    - path: params.yaml
      hash: md5
      md5: 9b09fa9c20380f78a4430be4b349c4e7
      size: 37
    - path: src/data/data_preprocessing.py
      hash: md5
      md5: d07e51bbf92890aafd0bfff672df6100
      size: 3363
    outs:
    - path: data/preprocessed/X_test.csv
      hash: md5
      md5: 0447620c65be5ad59e2f550e915427a0
      size: 131072
    - path: data/preprocessed/X_train.csv
      hash: md5
      md5: 2ebc9a987a0ef64128e6fcca8295647a
      size: 539275
    - path: data/preprocessed/y_test.csv
      hash: md5
      md5: c6e926c40140a789061504b136d5a8a1
      size: 6017
    - path: data/preprocessed/y_train.csv
      hash: md5
      md5: db37d7dd5b03694acdf66f4a2e328a6e
      size: 24017
  model_building:
    cmd: python src/model/model_building.py
    deps:
    - path: data/preprocessed/X_train.csv
      hash: md5
      md5: 2ebc9a987a0ef64128e6fcca8295647a
      size: 539275
    - path: data/preprocessed/y_train.csv
      hash: md5
      md5: db37d7dd5b03694acdf66f4a2e328a6e
      size: 24017
    - path: src/model/model_building.py
      hash: md5
      md5: 4bae4db8c702071d5e097e644c9931c6
      size: 1796
    outs:
    - path: model/Xgboost_model.pkl
      hash: md5
      md5: 81db368bf8efb7f01bd8565e6a5bf0bd
      size: 1939311
  model_evaluation:
    cmd: python src/model/model_evaluation.py
    deps:
    - path: data/preprocessed/X_test.csv
      hash: md5
      md5: 0447620c65be5ad59e2f550e915427a0
      size: 131072
    - path: data/preprocessed/y_test.csv
      hash: md5
      md5: c6e926c40140a789061504b136d5a8a1
      size: 6017
    - path: model/Xgboost_model.pkl
      hash: md5
      md5: 81db368bf8efb7f01bd8565e6a5bf0bd
      size: 1939311
    - path: src/model/model_evaluation.py
      hash: md5
      md5: 7981fa7021375f73a57c71d95a66c0f6
      size: 1623
    outs:
    - path: evaluation/evaluation_report.json
      hash: md5
      md5: 34d3a57f4204b419be090fab41d9f0d0
      size: 709
